
Microsoft Visual Studio Solution File, Format Version 12.00
# Visual Studio Version 17
VisualStudioVersion = 17.4.33205.214
MinimumVisualStudioVersion = 10.0.40219.1
Project("{FAE04EC0-301F-11D3-BF4B-00C04F79EFBC}") = "SampleFunctionApp", "SampleFunctionApp\SampleFunctionApp.csproj", "{4915DEF9-27E2-4DD5-AB27-CBD5528DDDCE}"
EndProject
Global
	GlobalSection(SolutionConfigurationPlatforms) = preSolution
		Debug|Any CPU = Debug|Any CPU
		Release|Any CPU = Release|Any CPU
	EndGlobalSection
	GlobalSection(ProjectConfigurationPlatforms) = postSolution
		{4915DEF9-27E2-4DD5-AB27-CBD5528DDDCE}.Debug|Any CPU.ActiveCfg = Debug|Any CPU
		{4915DEF9-27E2-4DD5-AB27-CBD5528DDDCE}.Debug|Any CPU.Build.0 = Debug|Any CPU
		{4915DEF9-27E2-4DD5-AB27-CBD5528DDDCE}.Release|Any CPU.ActiveCfg = Release|Any CPU
		{4915DEF9-27E2-4DD5-AB27-CBD5528DDDCE}.Release|Any CPU.Build.0 = Release|Any CPU
	EndGlobalSection
	GlobalSection(SolutionProperties) = preSolution
		HideSolutionNode = FALSE
	EndGlobalSection
	GlobalSection(ExtensibilityGlobals) = postSolution
		SolutionGuid = {A4554971-8C6D-4009-93A5-74A35A2CE5EA}
	EndGlobalSection
EndGlobal
